
Microsoft Visual Studio Solution File, Format Version 12.00
# Visual Studio Version 16
VisualStudioVersion = 16.0.31112.23
MinimumVisualStudioVersion = 10.0.40219.1
Project("{FAE04EC0-301F-11D3-BF4B-00C04F79EFBC}") = "reger", "reger\reger.csproj", "{9E0AD4E1-3D1D-4384-9E03-00A0DB834947}"
EndProject
Global
	GlobalSection(SolutionConfigurationPlatforms) = preSolution
		Debug|Any CPU = Debug|Any CPU
		Release|Any CPU = Release|Any CPU
	EndGlobalSection
	GlobalSection(ProjectConfigurationPlatforms) = postSolution
		{9E0AD4E1-3D1D-4384-9E03-00A0DB834947}.Debug|Any CPU.ActiveCfg = Debug|Any CPU
		{9E0AD4E1-3D1D-4384-9E03-00A0DB834947}.Debug|Any CPU.Build.0 = Debug|Any CPU
		{9E0AD4E1-3D1D-4384-9E03-00A0DB834947}.Release|Any CPU.ActiveCfg = Release|Any CPU
		{9E0AD4E1-3D1D-4384-9E03-00A0DB834947}.Release|Any CPU.Build.0 = Release|Any CPU
	EndGlobalSection
	GlobalSection(SolutionProperties) = preSolution
		HideSolutionNode = FALSE
	EndGlobalSection
	GlobalSection(ExtensibilityGlobals) = postSolution
		SolutionGuid = {AC619FD9-6F40-41DF-B053-3B15DEE0FDB4}
	EndGlobalSection
EndGlobal
